// !$*UTF8*$!
{
	archiveVersion = 1;
	classes = {
	};
	objectVersion = 56;
	objects = {

/* Begin PBXBuildFile section */
		923672AE2B4B2B9000633C06 /* ErrorHandlingExamplesApp.swift in Sources */ = {isa = PBXBuildFile; fileRef = 923672AD2B4B2B9000633C06 /* ErrorHandlingExamplesApp.swift */; };
		923672B02B4B2B9000633C06 /* SheetErrorThrowingView.swift in Sources */ = {isa = PBXBuildFile; fileRef = 923672AF2B4B2B9000633C06 /* SheetErrorThrowingView.swift */; };
		923672B22B4B2B9200633C06 /* Assets.xcassets in Resources */ = {isa = PBXBuildFile; fileRef = 923672B12B4B2B9200633C06 /* Assets.xcassets */; };
		923672B52B4B2B9200633C06 /* Preview Assets.xcassets in Resources */ = {isa = PBXBuildFile; fileRef = 923672B42B4B2B9200633C06 /* Preview Assets.xcassets */; };
		923672BE2B4B303000633C06 /* ErrorView.swift in Sources */ = {isa = PBXBuildFile; fileRef = 923672BD2B4B303000633C06 /* ErrorView.swift */; };
		923672C02B4B334500633C06 /* TabView.swift in Sources */ = {isa = PBXBuildFile; fileRef = 923672BF2B4B334500633C06 /* TabView.swift */; };
		923672C22B4B34C900633C06 /* AlertErrorTrowignView.swift in Sources */ = {isa = PBXBuildFile; fileRef = 923672C12B4B34C900633C06 /* AlertErrorTrowignView.swift */; };
/* End PBXBuildFile section */

/* Begin PBXFileReference section */
		923672AA2B4B2B9000633C06 /* ErrorHandlingExamples.app */ = {isa = PBXFileReference; explicitFileType = wrapper.application; includeInIndex = 0; path = ErrorHandlingExamples.app; sourceTree = BUILT_PRODUCTS_DIR; };
		923672AD2B4B2B9000633C06 /* ErrorHandlingExamplesApp.swift */ = {isa = PBXFileReference; lastKnownFileType = sourcecode.swift; path = ErrorHandlingExamplesApp.swift; sourceTree = "<group>"; };
		923672AF2B4B2B9000633C06 /* SheetErrorThrowingView.swift */ = {isa = PBXFileReference; lastKnownFileType = sourcecode.swift; path = SheetErrorThrowingView.swift; sourceTree = "<group>"; };
		923672B12B4B2B9200633C06 /* Assets.xcassets */ = {isa = PBXFileReference; lastKnownFileType = folder.assetcatalog; path = Assets.xcassets; sourceTree = "<group>"; };
		923672B42B4B2B9200633C06 /* Preview Assets.xcassets */ = {isa = PBXFileReference; lastKnownFileType = folder.assetcatalog; path = "Preview Assets.xcassets"; sourceTree = "<group>"; };
		923672BD2B4B303000633C06 /* ErrorView.swift */ = {isa = PBXFileReference; lastKnownFileType = sourcecode.swift; path = ErrorView.swift; sourceTree = "<group>"; };
		923672BF2B4B334500633C06 /* TabView.swift */ = {isa = PBXFileReference; lastKnownFileType = sourcecode.swift; path = TabView.swift; sourceTree = "<group>"; };
		923672C12B4B34C900633C06 /* AlertErrorTrowignView.swift */ = {isa = PBXFileReference; lastKnownFileType = sourcecode.swift; path = AlertErrorTrowignView.swift; sourceTree = "<group>"; };
/* End PBXFileReference section */

/* Begin PBXFrameworksBuildPhase section */
		923672A72B4B2B9000633C06 /* Frameworks */ = {
			isa = PBXFrameworksBuildPhase;
			buildActionMask = 2147483647;
			files = (
			);
			runOnlyForDeploymentPostprocessing = 0;
		};
/* End PBXFrameworksBuildPhase section */

/* Begin PBXGroup section */
		923672A12B4B2B9000633C06 = {
			isa = PBXGroup;
			children = (
				923672AC2B4B2B9000633C06 /* ErrorHandlingExamples */,
				923672AB2B4B2B9000633C06 /* Products */,
			);
			sourceTree = "<group>";
		};
		923672AB2B4B2B9000633C06 /* Products */ = {
			isa = PBXGroup;
			children = (
				923672AA2B4B2B9000633C06 /* ErrorHandlingExamples.app */,
			);
			name = Products;
			sourceTree = "<group>";
		};
		923672AC2B4B2B9000633C06 /* ErrorHandlingExamples */ = {
			isa = PBXGroup;
			children = (
				923672AD2B4B2B9000633C06 /* ErrorHandlingExamplesApp.swift */,
				923672AF2B4B2B9000633C06 /* SheetErrorThrowingView.swift */,
				923672C12B4B34C900633C06 /* AlertErrorTrowignView.swift */,
				923672BF2B4B334500633C06 /* TabView.swift */,
				923672BD2B4B303000633C06 /* ErrorView.swift */,
				923672B12B4B2B9200633C06 /* Assets.xcassets */,
				923672B32B4B2B9200633C06 /* Preview Content */,
			);
			path = ErrorHandlingExamples;
			sourceTree = "<group>";
		};
		923672B32B4B2B9200633C06 /* Preview Content */ = {
			isa = PBXGroup;
			children = (
				923672B42B4B2B9200633C06 /* Preview Assets.xcassets */,
			);
			path = "Preview Content";
			sourceTree = "<group>";
		};
/* End PBXGroup section */

/* Begin PBXNativeTarget section */
		923672A92B4B2B9000633C06 /* ErrorHandlingExamples */ = {
			isa = PBXNativeTarget;
			buildConfigurationList = 923672B82B4B2B9200633C06 /* Build configuration list for PBXNativeTarget "ErrorHandlingExamples" */;
			buildPhases = (
				923672A62B4B2B9000633C06 /* Sources */,
				923672A72B4B2B9000633C06 /* Frameworks */,
				923672A82B4B2B9000633C06 /* Resources */,
			);
			buildRules = (
			);
			dependencies = (
			);
			name = ErrorHandlingExamples;
			productName = ErrorHandlingExamples;
			productReference = 923672AA2B4B2B9000633C06 /* ErrorHandlingExamples.app */;
			productType = "com.apple.product-type.application";
		};
/* End PBXNativeTarget section */

/* Begin PBXProject section */
		923672A22B4B2B9000633C06 /* Project object */ = {
			isa = PBXProject;
			attributes = {
				BuildIndependentTargetsInParallel = 1;
				LastSwiftUpdateCheck = 1510;
				LastUpgradeCheck = 1510;
				TargetAttributes = {
					923672A92B4B2B9000633C06 = {
						CreatedOnToolsVersion = 15.1;
					};
				};
			};
			buildConfigurationList = 923672A52B4B2B9000633C06 /* Build configuration list for PBXProject "ErrorHandlingExamples" */;
			compatibilityVersion = "Xcode 14.0";
			developmentRegion = en;
			hasScannedForEncodings = 0;
			knownRegions = (
				en,
				Base,
			);
			mainGroup = 923672A12B4B2B9000633C06;
			productRefGroup = 923672AB2B4B2B9000633C06 /* Products */;
			projectDirPath = "";
			projectRoot = "";
			targets = (
				923672A92B4B2B9000633C06 /* ErrorHandlingExamples */,
			);
		};
/* End PBXProject section */

/* Begin PBXResourcesBuildPhase section */
		923672A82B4B2B9000633C06 /* Resources */ = {
			isa = PBXResourcesBuildPhase;
			buildActionMask = 2147483647;
			files = (
				923672B52B4B2B9200633C06 /* Preview Assets.xcassets in Resources */,
				923672B22B4B2B9200633C06 /* Assets.xcassets in Resources */,
			);
			runOnlyForDeploymentPostprocessing = 0;
		};
/* End PBXResourcesBuildPhase section */

/* Begin PBXSourcesBuildPhase section */
		923672A62B4B2B9000633C06 /* Sources */ = {
			isa = PBXSourcesBuildPhase;
			buildActionMask = 2147483647;
			files = (
				923672B02B4B2B9000633C06 /* SheetErrorThrowingView.swift in Sources */,
				923672BE2B4B303000633C06 /* ErrorView.swift in Sources */,
				923672C02B4B334500633C06 /* TabView.swift in Sources */,
				923672AE2B4B2B9000633C06 /* ErrorHandlingExamplesApp.swift in Sources */,
				923672C22B4B34C900633C06 /* AlertErrorTrowignView.swift in Sources */,
			);
			runOnlyForDeploymentPostprocessing = 0;
		};
/* End PBXSourcesBuildPhase section */

/* Begin XCBuildConfiguration section */
		923672B62B4B2B9200633C06 /* Debug */ = {
			isa = XCBuildConfiguration;
			buildSettings = {
				ALWAYS_SEARCH_USER_PATHS = NO;
				ASSETCATALOG_COMPILER_GENERATE_SWIFT_ASSET_SYMBOL_EXTENSIONS = YES;
				CLANG_ANALYZER_NONNULL = YES;
				CLANG_ANALYZER_NUMBER_OBJECT_CONVERSION = YES_AGGRESSIVE;
				CLANG_CXX_LANGUAGE_STANDARD = "gnu++20";
				CLANG_ENABLE_MODULES = YES;
				CLANG_ENABLE_OBJC_ARC = YES;
				CLANG_ENABLE_OBJC_WEAK = YES;
				CLANG_WARN_BLOCK_CAPTURE_AUTORELEASING = YES;
				CLANG_WARN_BOOL_CONVERSION = YES;
				CLANG_WARN_COMMA = YES;
				CLANG_WARN_CONSTANT_CONVERSION = YES;
				CLANG_WARN_DEPRECATED_OBJC_IMPLEMENTATIONS = YES;
				CLANG_WARN_DIRECT_OBJC_ISA_USAGE = YES_ERROR;
				CLANG_WARN_DOCUMENTATION_COMMENTS = YES;
				CLANG_WARN_EMPTY_BODY = YES;
				CLANG_WARN_ENUM_CONVERSION = YES;
				CLANG_WARN_INFINITE_RECURSION = YES;
				CLANG_WARN_INT_CONVERSION = YES;
				CLANG_WARN_NON_LITERAL_NULL_CONVERSION = YES;
				CLANG_WARN_OBJC_IMPLICIT_RETAIN_SELF = YES;
				CLANG_WARN_OBJC_LITERAL_CONVERSION = YES;
				CLANG_WARN_OBJC_ROOT_CLASS = YES_ERROR;
				CLANG_WARN_QUOTED_INCLUDE_IN_FRAMEWORK_HEADER = YES;
				CLANG_WARN_RANGE_LOOP_ANALYSIS = YES;
				CLANG_WARN_STRICT_PROTOTYPES = YES;
				CLANG_WARN_SUSPICIOUS_MOVE = YES;
				CLANG_WARN_UNGUARDED_AVAILABILITY = YES_AGGRESSIVE;
				CLANG_WARN_UNREACHABLE_CODE = YES;
				CLANG_WARN__DUPLICATE_METHOD_MATCH = YES;
				COPY_PHASE_STRIP = NO;
				DEBUG_INFORMATION_FORMAT = dwarf;
				ENABLE_STRICT_OBJC_MSGSEND = YES;
				ENABLE_TESTABILITY = YES;
				ENABLE_USER_SCRIPT_SANDBOXING = YES;
				GCC_C_LANGUAGE_STANDARD = gnu17;
				GCC_DYNAMIC_NO_PIC = NO;
				GCC_NO_COMMON_BLOCKS = YES;
				GCC_OPTIMIZATION_LEVEL = 0;
				GCC_PREPROCESSOR_DEFINITIONS = (
					"DEBUG=1",
					"$(inherited)",
				);
				GCC_WARN_64_TO_32_BIT_CONVERSION = YES;
				GCC_WARN_ABOUT_RETURN_TYPE = YES_ERROR;
				GCC_WARN_UNDECLARED_SELECTOR = YES;
				GCC_WARN_UNINITIALIZED_AUTOS = YES_AGGRESSIVE;
				GCC_WARN_UNUSED_FUNCTION = YES;
				GCC_WARN_UNUSED_VARIABLE = YES;
				IPHONEOS_DEPLOYMENT_TARGET = 17.2;
				LOCALIZATION_PREFERS_STRING_CATALOGS = YES;
				MTL_ENABLE_DEBUG_INFO = INCLUDE_SOURCE;
				MTL_FAST_MATH = YES;
				ONLY_ACTIVE_ARCH = YES;
				SDKROOT = iphoneos;
				SWIFT_ACTIVE_COMPILATION_CONDITIONS = "DEBUG $(inherited)";
				SWIFT_OPTIMIZATION_LEVEL = "-Onone";
			};
			name = Debug;
		};
		923672B72B4B2B9200633C06 /* Release */ = {
			isa = XCBuildConfiguration;
			buildSettings = {
				ALWAYS_SEARCH_USER_PATHS = NO;
				ASSETCATALOG_COMPILER_GENERATE_SWIFT_ASSET_SYMBOL_EXTENSIONS = YES;
				CLANG_ANALYZER_NONNULL = YES;
				CLANG_ANALYZER_NUMBER_OBJECT_CONVERSION = YES_AGGRESSIVE;
				CLANG_CXX_LANGUAGE_STANDARD = "gnu++20";
				CLANG_ENABLE_MODULES = YES;
				CLANG_ENABLE_OBJC_ARC = YES;
				CLANG_ENABLE_OBJC_WEAK = YES;
				CLANG_WARN_BLOCK_CAPTURE_AUTORELEASING = YES;
				CLANG_WARN_BOOL_CONVERSION = YES;
				CLANG_WARN_COMMA = YES;
				CLANG_WARN_CONSTANT_CONVERSION = YES;
				CLANG_WARN_DEPRECATED_OBJC_IMPLEMENTATIONS = YES;
				CLANG_WARN_DIRECT_OBJC_ISA_USAGE = YES_ERROR;
				CLANG_WARN_DOCUMENTATION_COMMENTS = YES;
				CLANG_WARN_EMPTY_BODY = YES;
				CLANG_WARN_ENUM_CONVERSION = YES;
				CLANG_WARN_INFINITE_RECURSION = YES;
				CLANG_WARN_INT_CONVERSION = YES;
				CLANG_WARN_NON_LITERAL_NULL_CONVERSION = YES;
				CLANG_WARN_OBJC_IMPLICIT_RETAIN_SELF = YES;
				CLANG_WARN_OBJC_LITERAL_CONVERSION = YES;
				CLANG_WARN_OBJC_ROOT_CLASS = YES_ERROR;
				CLANG_WARN_QUOTED_INCLUDE_IN_FRAMEWORK_HEADER = YES;
				CLANG_WARN_RANGE_LOOP_ANALYSIS = YES;
				CLANG_WARN_STRICT_PROTOTYPES = YES;
				CLANG_WARN_SUSPICIOUS_MOVE = YES;
				CLANG_WARN_UNGUARDED_AVAILABILITY = YES_AGGRESSIVE;
				CLANG_WARN_UNREACHABLE_CODE = YES;
				CLANG_WARN__DUPLICATE_METHOD_MATCH = YES;
				COPY_PHASE_STRIP = NO;
				DEBUG_INFORMATION_FORMAT = "dwarf-with-dsym";
				ENABLE_NS_ASSERTIONS = NO;
				ENABLE_STRICT_OBJC_MSGSEND = YES;
				ENABLE_USER_SCRIPT_SANDBOXING = YES;
				GCC_C_LANGUAGE_STANDARD = gnu17;
				GCC_NO_COMMON_BLOCKS = YES;
				GCC_WARN_64_TO_32_BIT_CONVERSION = YES;
				GCC_WARN_ABOUT_RETURN_TYPE = YES_ERROR;
				GCC_WARN_UNDECLARED_SELECTOR = YES;
				GCC_WARN_UNINITIALIZED_AUTOS = YES_AGGRESSIVE;
				GCC_WARN_UNUSED_FUNCTION = YES;
				GCC_WARN_UNUSED_VARIABLE = YES;
				IPHONEOS_DEPLOYMENT_TARGET = 17.2;
				LOCALIZATION_PREFERS_STRING_CATALOGS = YES;
				MTL_ENABLE_DEBUG_INFO = NO;
				MTL_FAST_MATH = YES;
				SDKROOT = iphoneos;
				SWIFT_COMPILATION_MODE = wholemodule;
				VALIDATE_PRODUCT = YES;
			};
			name = Release;
		};
		923672B92B4B2B9200633C06 /* Debug */ = {
			isa = XCBuildConfiguration;
			buildSettings = {
				ASSETCATALOG_COMPILER_APPICON_NAME = AppIcon;
				ASSETCATALOG_COMPILER_GLOBAL_ACCENT_COLOR_NAME = AccentColor;
				CODE_SIGN_STYLE = Automatic;
				CURRENT_PROJECT_VERSION = 1;
				DEVELOPMENT_ASSET_PATHS = "\"ErrorHandlingExamples/Preview Content\"";
				DEVELOPMENT_TEAM = YPZ5CXF9X7;
				ENABLE_PREVIEWS = YES;
				GENERATE_INFOPLIST_FILE = YES;
				INFOPLIST_KEY_UIApplicationSceneManifest_Generation = YES;
				INFOPLIST_KEY_UIApplicationSupportsIndirectInputEvents = YES;
				INFOPLIST_KEY_UILaunchScreen_Generation = YES;
				INFOPLIST_KEY_UISupportedInterfaceOrientations_iPad = "UIInterfaceOrientationPortrait UIInterfaceOrientationPortraitUpsideDown UIInterfaceOrientationLandscapeLeft UIInterfaceOrientationLandscapeRight";
				INFOPLIST_KEY_UISupportedInterfaceOrientations_iPhone = "UIInterfaceOrientationPortrait UIInterfaceOrientationLandscapeLeft UIInterfaceOrientationLandscapeRight";
				LD_RUNPATH_SEARCH_PATHS = (
					"$(inherited)",
					"@executable_path/Frameworks",
				);
				MARKETING_VERSION = 1.0;
				PRODUCT_BUNDLE_IDENTIFIER = myOwn.ErrorHandlingExamples;
				PRODUCT_NAME = "$(TARGET_NAME)";
				SWIFT_EMIT_LOC_STRINGS = YES;
				SWIFT_VERSION = 5.0;
				TARGETED_DEVICE_FAMILY = "1,2";
			};
			name = Debug;
		};
		923672BA2B4B2B9200633C06 /* Release */ = {
			isa = XCBuildConfiguration;
			buildSettings = {
				ASSETCATALOG_COMPILER_APPICON_NAME = AppIcon;
				ASSETCATALOG_COMPILER_GLOBAL_ACCENT_COLOR_NAME = AccentColor;
				CODE_SIGN_STYLE = Automatic;
				CURRENT_PROJECT_VERSION = 1;
				DEVELOPMENT_ASSET_PATHS = "\"ErrorHandlingExamples/Preview Content\"";
				DEVELOPMENT_TEAM = YPZ5CXF9X7;
				ENABLE_PREVIEWS = YES;
				GENERATE_INFOPLIST_FILE = YES;
				INFOPLIST_KEY_UIApplicationSceneManifest_Generation = YES;
				INFOPLIST_KEY_UIApplicationSupportsIndirectInputEvents = YES;
				INFOPLIST_KEY_UILaunchScreen_Generation = YES;
				INFOPLIST_KEY_UISupportedInterfaceOrientations_iPad = "UIInterfaceOrientationPortrait UIInterfaceOrientationPortraitUpsideDown UIInterfaceOrientationLandscapeLeft UIInterfaceOrientationLandscapeRight";
				INFOPLIST_KEY_UISupportedInterfaceOrientations_iPhone = "UIInterfaceOrientationPortrait UIInterfaceOrientationLandscapeLeft UIInterfaceOrientationLandscapeRight";
				LD_RUNPATH_SEARCH_PATHS = (
					"$(inherited)",
					"@executable_path/Frameworks",
				);
				MARKETING_VERSION = 1.0;
				PRODUCT_BUNDLE_IDENTIFIER = myOwn.ErrorHandlingExamples;
				PRODUCT_NAME = "$(TARGET_NAME)";
				SWIFT_EMIT_LOC_STRINGS = YES;
				SWIFT_VERSION = 5.0;
				TARGETED_DEVICE_FAMILY = "1,2";
			};
			name = Release;
		};
/* End XCBuildConfiguration section */

/* Begin XCConfigurationList section */
		923672A52B4B2B9000633C06 /* Build configuration list for PBXProject "ErrorHandlingExamples" */ = {
			isa = XCConfigurationList;
			buildConfigurations = (
				923672B62B4B2B9200633C06 /* Debug */,
				923672B72B4B2B9200633C06 /* Release */,
			);
			defaultConfigurationIsVisible = 0;
			defaultConfigurationName = Release;
		};
		923672B82B4B2B9200633C06 /* Build configuration list for PBXNativeTarget "ErrorHandlingExamples" */ = {
			isa = XCConfigurationList;
			buildConfigurations = (
				923672B92B4B2B9200633C06 /* Debug */,
				923672BA2B4B2B9200633C06 /* Release */,
			);
			defaultConfigurationIsVisible = 0;
			defaultConfigurationName = Release;
		};
/* End XCConfigurationList section */
	};
	rootObject = 923672A22B4B2B9000633C06 /* Project object */;
}
